
Microsoft Visual Studio Solution File, Format Version 12.00
# Visual Studio Version 16
VisualStudioVersion = 16.0.29424.173
MinimumVisualStudioVersion = 10.0.40219.1
Project("{FAE04EC0-301F-11D3-BF4B-00C04F79EFBC}") = "Laurore_Jean_MadLibs", "Laurore_Jean_MadLibs\Laurore_Jean_MadLibs.csproj", "{BDF616C8-6DB5-41AE-B5E6-08D406E01E66}"
EndProject
Global
	GlobalSection(SolutionConfigurationPlatforms) = preSolution
		Debug|Any CPU = Debug|Any CPU
		Release|Any CPU = Release|Any CPU
	EndGlobalSection
	GlobalSection(ProjectConfigurationPlatforms) = postSolution
		{BDF616C8-6DB5-41AE-B5E6-08D406E01E66}.Debug|Any CPU.ActiveCfg = Debug|Any CPU
		{BDF616C8-6DB5-41AE-B5E6-08D406E01E66}.Debug|Any CPU.Build.0 = Debug|Any CPU
		{BDF616C8-6DB5-41AE-B5E6-08D406E01E66}.Release|Any CPU.ActiveCfg = Release|Any CPU
		{BDF616C8-6DB5-41AE-B5E6-08D406E01E66}.Release|Any CPU.Build.0 = Release|Any CPU
	EndGlobalSection
	GlobalSection(SolutionProperties) = preSolution
		HideSolutionNode = FALSE
	EndGlobalSection
	GlobalSection(ExtensibilityGlobals) = postSolution
		SolutionGuid = {85163E72-A154-4E48-A9AC-F0DD49413505}
	EndGlobalSection
EndGlobal
